// !$*UTF8*$!
{
	archiveVersion = 1;
	classes = {
	};
	objectVersion = 46;
	objects = {

/* Begin PBXBuildFile section */
		806F08462B6DFDF5BFBC9ECB /* libPods-OLMVVM.a in Frameworks */ = {isa = PBXBuildFile; fileRef = 191F9128A27E7B5C0DFB4617 /* libPods-OLMVVM.a */; };
		853FFDFD1D37D8F00080552A /* OLHomeViewModel.m in Sources */ = {isa = PBXBuildFile; fileRef = 853FFDFC1D37D8F00080552A /* OLHomeViewModel.m */; };
		8545FC351D3798D100141043 /* navigationbar_setting@2x.png in Resources */ = {isa = PBXBuildFile; fileRef = 8545FC311D3798D100141043 /* navigationbar_setting@2x.png */; };
		8545FC361D3798D100141043 /* navigationbar_setting@3x.png in Resources */ = {isa = PBXBuildFile; fileRef = 8545FC321D3798D100141043 /* navigationbar_setting@3x.png */; };
		8545FC371D3798D100141043 /* tu_empty@2x.png in Resources */ = {isa = PBXBuildFile; fileRef = 8545FC331D3798D100141043 /* tu_empty@2x.png */; };
		8545FC381D3798D100141043 /* tu_empty@3x.png in Resources */ = {isa = PBXBuildFile; fileRef = 8545FC341D3798D100141043 /* tu_empty@3x.png */; };
		856788911D33B5310067F04B /* main.m in Sources */ = {isa = PBXBuildFile; fileRef = 856788901D33B5310067F04B /* main.m */; };
		856788941D33B5310067F04B /* AppDelegate.m in Sources */ = {isa = PBXBuildFile; fileRef = 856788931D33B5310067F04B /* AppDelegate.m */; };
		856788971D33B5310067F04B /* ViewController.m in Sources */ = {isa = PBXBuildFile; fileRef = 856788961D33B5310067F04B /* ViewController.m */; };
		8567889A1D33B5310067F04B /* Main.storyboard in Resources */ = {isa = PBXBuildFile; fileRef = 856788981D33B5310067F04B /* Main.storyboard */; };
		8567889C1D33B5310067F04B /* Assets.xcassets in Resources */ = {isa = PBXBuildFile; fileRef = 8567889B1D33B5310067F04B /* Assets.xcassets */; };
		8567889F1D33B5310067F04B /* LaunchScreen.storyboard in Resources */ = {isa = PBXBuildFile; fileRef = 8567889D1D33B5310067F04B /* LaunchScreen.storyboard */; };
		856788AE1D33B8130067F04B /* OLHomeViewController.m in Sources */ = {isa = PBXBuildFile; fileRef = 856788AD1D33B8130067F04B /* OLHomeViewController.m */; };
		856788B11D33BDB00067F04B /* OLHomeModel.m in Sources */ = {isa = PBXBuildFile; fileRef = 856788B01D33BDB00067F04B /* OLHomeModel.m */; };
/* End PBXBuildFile section */

/* Begin PBXFileReference section */
		191F9128A27E7B5C0DFB4617 /* libPods-OLMVVM.a */ = {isa = PBXFileReference; explicitFileType = archive.ar; includeInIndex = 0; path = "libPods-OLMVVM.a"; sourceTree = BUILT_PRODUCTS_DIR; };
		3E45E37FD81E0DA15520C1C4 /* Pods-OLMVVM.debug.xcconfig */ = {isa = PBXFileReference; includeInIndex = 1; lastKnownFileType = text.xcconfig; name = "Pods-OLMVVM.debug.xcconfig"; path = "Pods/Target Support Files/Pods-OLMVVM/Pods-OLMVVM.debug.xcconfig"; sourceTree = "<group>"; };
		853FFDFB1D37D8F00080552A /* OLHomeViewModel.h */ = {isa = PBXFileReference; fileEncoding = 4; lastKnownFileType = sourcecode.c.h; path = OLHomeViewModel.h; sourceTree = "<group>"; };
		853FFDFC1D37D8F00080552A /* OLHomeViewModel.m */ = {isa = PBXFileReference; fileEncoding = 4; lastKnownFileType = sourcecode.c.objc; path = OLHomeViewModel.m; sourceTree = "<group>"; };
		8545FC311D3798D100141043 /* navigationbar_setting@2x.png */ = {isa = PBXFileReference; lastKnownFileType = image.png; path = "navigationbar_setting@2x.png"; sourceTree = "<group>"; };
		8545FC321D3798D100141043 /* navigationbar_setting@3x.png */ = {isa = PBXFileReference; lastKnownFileType = image.png; path = "navigationbar_setting@3x.png"; sourceTree = "<group>"; };
		8545FC331D3798D100141043 /* tu_empty@2x.png */ = {isa = PBXFileReference; lastKnownFileType = image.png; path = "tu_empty@2x.png"; sourceTree = "<group>"; };
		8545FC341D3798D100141043 /* tu_empty@3x.png */ = {isa = PBXFileReference; lastKnownFileType = image.png; path = "tu_empty@3x.png"; sourceTree = "<group>"; };
		8567888C1D33B5310067F04B /* OLMVVM.app */ = {isa = PBXFileReference; explicitFileType = wrapper.application; includeInIndex = 0; path = OLMVVM.app; sourceTree = BUILT_PRODUCTS_DIR; };
		856788901D33B5310067F04B /* main.m */ = {isa = PBXFileReference; lastKnownFileType = sourcecode.c.objc; path = main.m; sourceTree = "<group>"; };
		856788921D33B5310067F04B /* AppDelegate.h */ = {isa = PBXFileReference; lastKnownFileType = sourcecode.c.h; path = AppDelegate.h; sourceTree = "<group>"; };
		856788931D33B5310067F04B /* AppDelegate.m */ = {isa = PBXFileReference; lastKnownFileType = sourcecode.c.objc; path = AppDelegate.m; sourceTree = "<group>"; };
		856788951D33B5310067F04B /* ViewController.h */ = {isa = PBXFileReference; lastKnownFileType = sourcecode.c.h; path = ViewController.h; sourceTree = "<group>"; };
		856788961D33B5310067F04B /* ViewController.m */ = {isa = PBXFileReference; lastKnownFileType = sourcecode.c.objc; path = ViewController.m; sourceTree = "<group>"; };
		856788991D33B5310067F04B /* Base */ = {isa = PBXFileReference; lastKnownFileType = file.storyboard; name = Base; path = Base.lproj/Main.storyboard; sourceTree = "<group>"; };
		8567889B1D33B5310067F04B /* Assets.xcassets */ = {isa = PBXFileReference; lastKnownFileType = folder.assetcatalog; path = Assets.xcassets; sourceTree = "<group>"; };
		8567889E1D33B5310067F04B /* Base */ = {isa = PBXFileReference; lastKnownFileType = file.storyboard; name = Base; path = Base.lproj/LaunchScreen.storyboard; sourceTree = "<group>"; };
		856788A01D33B5310067F04B /* Info.plist */ = {isa = PBXFileReference; lastKnownFileType = text.plist.xml; path = Info.plist; sourceTree = "<group>"; };
		856788AC1D33B8130067F04B /* OLHomeViewController.h */ = {isa = PBXFileReference; fileEncoding = 4; lastKnownFileType = sourcecode.c.h; path = OLHomeViewController.h; sourceTree = "<group>"; };
		856788AD1D33B8130067F04B /* OLHomeViewController.m */ = {isa = PBXFileReference; fileEncoding = 4; lastKnownFileType = sourcecode.c.objc; path = OLHomeViewController.m; sourceTree = "<group>"; };
		856788AF1D33BDB00067F04B /* OLHomeModel.h */ = {isa = PBXFileReference; fileEncoding = 4; lastKnownFileType = sourcecode.c.h; path = OLHomeModel.h; sourceTree = "<group>"; };
		856788B01D33BDB00067F04B /* OLHomeModel.m */ = {isa = PBXFileReference; fileEncoding = 4; lastKnownFileType = sourcecode.c.objc; path = OLHomeModel.m; sourceTree = "<group>"; };
		8955CE9872B7C2D9D89E9A1B /* Pods-OLMVVM.release.xcconfig */ = {isa = PBXFileReference; includeInIndex = 1; lastKnownFileType = text.xcconfig; name = "Pods-OLMVVM.release.xcconfig"; path = "Pods/Target Support Files/Pods-OLMVVM/Pods-OLMVVM.release.xcconfig"; sourceTree = "<group>"; };
/* End PBXFileReference section */

/* Begin PBXFrameworksBuildPhase section */
		856788891D33B5310067F04B /* Frameworks */ = {
			isa = PBXFrameworksBuildPhase;
			buildActionMask = 2147483647;
			files = (
				806F08462B6DFDF5BFBC9ECB /* libPods-OLMVVM.a in Frameworks */,
			);
			runOnlyForDeploymentPostprocessing = 0;
		};
/* End PBXFrameworksBuildPhase section */

/* Begin PBXGroup section */
		1BED07583BB8515CBCAF8FBD /* Pods */ = {
			isa = PBXGroup;
			children = (
				3E45E37FD81E0DA15520C1C4 /* Pods-OLMVVM.debug.xcconfig */,
				8955CE9872B7C2D9D89E9A1B /* Pods-OLMVVM.release.xcconfig */,
			);
			name = Pods;
			sourceTree = "<group>";
		};
		6D1567F1E0B453400E359DC0 /* Frameworks */ = {
			isa = PBXGroup;
			children = (
				191F9128A27E7B5C0DFB4617 /* libPods-OLMVVM.a */,
			);
			name = Frameworks;
			sourceTree = "<group>";
		};
		853FFDFA1D37D8E40080552A /* ViewModel */ = {
			isa = PBXGroup;
			children = (
				853FFDFB1D37D8F00080552A /* OLHomeViewModel.h */,
				853FFDFC1D37D8F00080552A /* OLHomeViewModel.m */,
			);
			path = ViewModel;
			sourceTree = "<group>";
		};
		8545FC301D3798D100141043 /* Resources */ = {
			isa = PBXGroup;
			children = (
				8545FC311D3798D100141043 /* navigationbar_setting@2x.png */,
				8545FC321D3798D100141043 /* navigationbar_setting@3x.png */,
				8545FC331D3798D100141043 /* tu_empty@2x.png */,
				8545FC341D3798D100141043 /* tu_empty@3x.png */,
			);
			path = Resources;
			sourceTree = "<group>";
		};
		856788831D33B5310067F04B = {
			isa = PBXGroup;
			children = (
				8567888E1D33B5310067F04B /* OLMVVM */,
				8567888D1D33B5310067F04B /* Products */,
				1BED07583BB8515CBCAF8FBD /* Pods */,
				6D1567F1E0B453400E359DC0 /* Frameworks */,
			);
			sourceTree = "<group>";
		};
		8567888D1D33B5310067F04B /* Products */ = {
			isa = PBXGroup;
			children = (
				8567888C1D33B5310067F04B /* OLMVVM.app */,
			);
			name = Products;
			sourceTree = "<group>";
		};
		8567888E1D33B5310067F04B /* OLMVVM */ = {
			isa = PBXGroup;
			children = (
				853FFDFA1D37D8E40080552A /* ViewModel */,
				8545FC301D3798D100141043 /* Resources */,
				856788AB1D33B7BF0067F04B /* Other */,
				856788AA1D33B7590067F04B /* Model */,
				856788921D33B5310067F04B /* AppDelegate.h */,
				856788931D33B5310067F04B /* AppDelegate.m */,
				856788951D33B5310067F04B /* ViewController.h */,
				856788961D33B5310067F04B /* ViewController.m */,
				856788981D33B5310067F04B /* Main.storyboard */,
				8567889B1D33B5310067F04B /* Assets.xcassets */,
				8567889D1D33B5310067F04B /* LaunchScreen.storyboard */,
				856788A01D33B5310067F04B /* Info.plist */,
				8567888F1D33B5310067F04B /* Supporting Files */,
			);
			path = OLMVVM;
			sourceTree = "<group>";
		};
		8567888F1D33B5310067F04B /* Supporting Files */ = {
			isa = PBXGroup;
			children = (
				856788901D33B5310067F04B /* main.m */,
			);
			name = "Supporting Files";
			sourceTree = "<group>";
		};
		856788AA1D33B7590067F04B /* Model */ = {
			isa = PBXGroup;
			children = (
				856788AF1D33BDB00067F04B /* OLHomeModel.h */,
				856788B01D33BDB00067F04B /* OLHomeModel.m */,
			);
			path = Model;
			sourceTree = "<group>";
		};
		856788AB1D33B7BF0067F04B /* Other */ = {
			isa = PBXGroup;
			children = (
				856788AC1D33B8130067F04B /* OLHomeViewController.h */,
				856788AD1D33B8130067F04B /* OLHomeViewController.m */,
			);
			path = Other;
			sourceTree = "<group>";
		};
/* End PBXGroup section */

/* Begin PBXNativeTarget section */
		8567888B1D33B5310067F04B /* OLMVVM */ = {
			isa = PBXNativeTarget;
			buildConfigurationList = 856788A31D33B5310067F04B /* Build configuration list for PBXNativeTarget "OLMVVM" */;
			buildPhases = (
				FADCA8F5836F942B033AE0F4 /* [CP] Check Pods Manifest.lock */,
				856788881D33B5310067F04B /* Sources */,
				856788891D33B5310067F04B /* Frameworks */,
				8567888A1D33B5310067F04B /* Resources */,
				BC6776769C1D8BA0BCA3A4D2 /* [CP] Embed Pods Frameworks */,
				25F6A466ED591770128A323C /* [CP] Copy Pods Resources */,
			);
			buildRules = (
			);
			dependencies = (
			);
			name = OLMVVM;
			productName = OLMVVM;
			productReference = 8567888C1D33B5310067F04B /* OLMVVM.app */;
			productType = "com.apple.product-type.application";
		};
/* End PBXNativeTarget section */

/* Begin PBXProject section */
		856788841D33B5310067F04B /* Project object */ = {
			isa = PBXProject;
			attributes = {
				CLASSPREFIX = OL;
				LastUpgradeCheck = 0730;
				ORGANIZATIONNAME = olive;
				TargetAttributes = {
					8567888B1D33B5310067F04B = {
						CreatedOnToolsVersion = 7.3.1;
					};
				};
			};
			buildConfigurationList = 856788871D33B5310067F04B /* Build configuration list for PBXProject "OLMVVM" */;
			compatibilityVersion = "Xcode 3.2";
			developmentRegion = English;
			hasScannedForEncodings = 0;
			knownRegions = (
				en,
				Base,
			);
			mainGroup = 856788831D33B5310067F04B;
			productRefGroup = 8567888D1D33B5310067F04B /* Products */;
			projectDirPath = "";
			projectRoot = "";
			targets = (
				8567888B1D33B5310067F04B /* OLMVVM */,
			);
		};
/* End PBXProject section */

/* Begin PBXResourcesBuildPhase section */
		8567888A1D33B5310067F04B /* Resources */ = {
			isa = PBXResourcesBuildPhase;
			buildActionMask = 2147483647;
			files = (
				8567889F1D33B5310067F04B /* LaunchScreen.storyboard in Resources */,
				8545FC371D3798D100141043 /* tu_empty@2x.png in Resources */,
				8567889C1D33B5310067F04B /* Assets.xcassets in Resources */,
				8545FC361D3798D100141043 /* navigationbar_setting@3x.png in Resources */,
				8567889A1D33B5310067F04B /* Main.storyboard in Resources */,
				8545FC351D3798D100141043 /* navigationbar_setting@2x.png in Resources */,
				8545FC381D3798D100141043 /* tu_empty@3x.png in Resources */,
			);
			runOnlyForDeploymentPostprocessing = 0;
		};
/* End PBXResourcesBuildPhase section */

/* Begin PBXShellScriptBuildPhase section */
		25F6A466ED591770128A323C /* [CP] Copy Pods Resources */ = {
			isa = PBXShellScriptBuildPhase;
			buildActionMask = 2147483647;
			files = (
			);
			inputPaths = (
			);
			name = "[CP] Copy Pods Resources";
			outputPaths = (
			);
			runOnlyForDeploymentPostprocessing = 0;
			shellPath = /bin/sh;
			shellScript = "\"${SRCROOT}/Pods/Target Support Files/Pods-OLMVVM/Pods-OLMVVM-resources.sh\"\n";
			showEnvVarsInLog = 0;
		};
		BC6776769C1D8BA0BCA3A4D2 /* [CP] Embed Pods Frameworks */ = {
			isa = PBXShellScriptBuildPhase;
			buildActionMask = 2147483647;
			files = (
			);
			inputPaths = (
			);
			name = "[CP] Embed Pods Frameworks";
			outputPaths = (
			);
			runOnlyForDeploymentPostprocessing = 0;
			shellPath = /bin/sh;
			shellScript = "\"${SRCROOT}/Pods/Target Support Files/Pods-OLMVVM/Pods-OLMVVM-frameworks.sh\"\n";
			showEnvVarsInLog = 0;
		};
		FADCA8F5836F942B033AE0F4 /* [CP] Check Pods Manifest.lock */ = {
			isa = PBXShellScriptBuildPhase;
			buildActionMask = 2147483647;
			files = (
			);
			inputPaths = (
			);
			name = "[CP] Check Pods Manifest.lock";
			outputPaths = (
			);
			runOnlyForDeploymentPostprocessing = 0;
			shellPath = /bin/sh;
			shellScript = "diff \"${PODS_ROOT}/../Podfile.lock\" \"${PODS_ROOT}/Manifest.lock\" > /dev/null\nif [[ $? != 0 ]] ; then\n    cat << EOM\nerror: The sandbox is not in sync with the Podfile.lock. Run 'pod install' or update your CocoaPods installation.\nEOM\n    exit 1\nfi\n";
			showEnvVarsInLog = 0;
		};
/* End PBXShellScriptBuildPhase section */

/* Begin PBXSourcesBuildPhase section */
		856788881D33B5310067F04B /* Sources */ = {
			isa = PBXSourcesBuildPhase;
			buildActionMask = 2147483647;
			files = (
				856788AE1D33B8130067F04B /* OLHomeViewController.m in Sources */,
				856788971D33B5310067F04B /* ViewController.m in Sources */,
				856788941D33B5310067F04B /* AppDelegate.m in Sources */,
				856788B11D33BDB00067F04B /* OLHomeModel.m in Sources */,
				853FFDFD1D37D8F00080552A /* OLHomeViewModel.m in Sources */,
				856788911D33B5310067F04B /* main.m in Sources */,
			);
			runOnlyForDeploymentPostprocessing = 0;
		};
/* End PBXSourcesBuildPhase section */

/* Begin PBXVariantGroup section */
		856788981D33B5310067F04B /* Main.storyboard */ = {
			isa = PBXVariantGroup;
			children = (
				856788991D33B5310067F04B /* Base */,
			);
			name = Main.storyboard;
			sourceTree = "<group>";
		};
		8567889D1D33B5310067F04B /* LaunchScreen.storyboard */ = {
			isa = PBXVariantGroup;
			children = (
				8567889E1D33B5310067F04B /* Base */,
			);
			name = LaunchScreen.storyboard;
			sourceTree = "<group>";
		};
/* End PBXVariantGroup section */

/* Begin XCBuildConfiguration section */
		856788A11D33B5310067F04B /* Debug */ = {
			isa = XCBuildConfiguration;
			buildSettings = {
				ALWAYS_SEARCH_USER_PATHS = NO;
				CLANG_ANALYZER_NONNULL = YES;
				CLANG_CXX_LANGUAGE_STANDARD = "gnu++0x";
				CLANG_CXX_LIBRARY = "libc++";
				CLANG_ENABLE_MODULES = YES;
				CLANG_ENABLE_OBJC_ARC = YES;
				CLANG_WARN_BOOL_CONVERSION = YES;
				CLANG_WARN_CONSTANT_CONVERSION = YES;
				CLANG_WARN_DIRECT_OBJC_ISA_USAGE = YES_ERROR;
				CLANG_WARN_EMPTY_BODY = YES;
				CLANG_WARN_ENUM_CONVERSION = YES;
				CLANG_WARN_INT_CONVERSION = YES;
				CLANG_WARN_OBJC_ROOT_CLASS = YES_ERROR;
				CLANG_WARN_UNREACHABLE_CODE = YES;
				CLANG_WARN__DUPLICATE_METHOD_MATCH = YES;
				"CODE_SIGN_IDENTITY[sdk=iphoneos*]" = "iPhone Developer";
				COPY_PHASE_STRIP = NO;
				DEBUG_INFORMATION_FORMAT = dwarf;
				ENABLE_STRICT_OBJC_MSGSEND = YES;
				ENABLE_TESTABILITY = YES;
				GCC_C_LANGUAGE_STANDARD = gnu99;
				GCC_DYNAMIC_NO_PIC = NO;
				GCC_NO_COMMON_BLOCKS = YES;
				GCC_OPTIMIZATION_LEVEL = 0;
				GCC_PREPROCESSOR_DEFINITIONS = (
					"DEBUG=1",
					"$(inherited)",
				);
				GCC_WARN_64_TO_32_BIT_CONVERSION = YES;
				GCC_WARN_ABOUT_RETURN_TYPE = YES_ERROR;
				GCC_WARN_UNDECLARED_SELECTOR = YES;
				GCC_WARN_UNINITIALIZED_AUTOS = YES_AGGRESSIVE;
				GCC_WARN_UNUSED_FUNCTION = YES;
				GCC_WARN_UNUSED_VARIABLE = YES;
				IPHONEOS_DEPLOYMENT_TARGET = 9.3;
				MTL_ENABLE_DEBUG_INFO = YES;
				ONLY_ACTIVE_ARCH = YES;
				SDKROOT = iphoneos;
			};
			name = Debug;
		};
		856788A21D33B5310067F04B /* Release */ = {
			isa = XCBuildConfiguration;
			buildSettings = {
				ALWAYS_SEARCH_USER_PATHS = NO;
				CLANG_ANALYZER_NONNULL = YES;
				CLANG_CXX_LANGUAGE_STANDARD = "gnu++0x";
				CLANG_CXX_LIBRARY = "libc++";
				CLANG_ENABLE_MODULES = YES;
				CLANG_ENABLE_OBJC_ARC = YES;
				CLANG_WARN_BOOL_CONVERSION = YES;
				CLANG_WARN_CONSTANT_CONVERSION = YES;
				CLANG_WARN_DIRECT_OBJC_ISA_USAGE = YES_ERROR;
				CLANG_WARN_EMPTY_BODY = YES;
				CLANG_WARN_ENUM_CONVERSION = YES;
				CLANG_WARN_INT_CONVERSION = YES;
				CLANG_WARN_OBJC_ROOT_CLASS = YES_ERROR;
				CLANG_WARN_UNREACHABLE_CODE = YES;
				CLANG_WARN__DUPLICATE_METHOD_MATCH = YES;
				"CODE_SIGN_IDENTITY[sdk=iphoneos*]" = "iPhone Developer";
				COPY_PHASE_STRIP = NO;
				DEBUG_INFORMATION_FORMAT = "dwarf-with-dsym";
				ENABLE_NS_ASSERTIONS = NO;
				ENABLE_STRICT_OBJC_MSGSEND = YES;
				GCC_C_LANGUAGE_STANDARD = gnu99;
				GCC_NO_COMMON_BLOCKS = YES;
				GCC_WARN_64_TO_32_BIT_CONVERSION = YES;
				GCC_WARN_ABOUT_RETURN_TYPE = YES_ERROR;
				GCC_WARN_UNDECLARED_SELECTOR = YES;
				GCC_WARN_UNINITIALIZED_AUTOS = YES_AGGRESSIVE;
				GCC_WARN_UNUSED_FUNCTION = YES;
				GCC_WARN_UNUSED_VARIABLE = YES;
				IPHONEOS_DEPLOYMENT_TARGET = 9.3;
				MTL_ENABLE_DEBUG_INFO = NO;
				SDKROOT = iphoneos;
				VALIDATE_PRODUCT = YES;
			};
			name = Release;
		};
		856788A41D33B5310067F04B /* Debug */ = {
			isa = XCBuildConfiguration;
			baseConfigurationReference = 3E45E37FD81E0DA15520C1C4 /* Pods-OLMVVM.debug.xcconfig */;
			buildSettings = {
				ASSETCATALOG_COMPILER_APPICON_NAME = AppIcon;
				INFOPLIST_FILE = OLMVVM/Info.plist;
				LD_RUNPATH_SEARCH_PATHS = "$(inherited) @executable_path/Frameworks";
				PRODUCT_BUNDLE_IDENTIFIER = com.olive.OLMVVM;
				PRODUCT_NAME = "$(TARGET_NAME)";
			};
			name = Debug;
		};
		856788A51D33B5310067F04B /* Release */ = {
			isa = XCBuildConfiguration;
			baseConfigurationReference = 8955CE9872B7C2D9D89E9A1B /* Pods-OLMVVM.release.xcconfig */;
			buildSettings = {
				ASSETCATALOG_COMPILER_APPICON_NAME = AppIcon;
				INFOPLIST_FILE = OLMVVM/Info.plist;
				LD_RUNPATH_SEARCH_PATHS = "$(inherited) @executable_path/Frameworks";
				PRODUCT_BUNDLE_IDENTIFIER = com.olive.OLMVVM;
				PRODUCT_NAME = "$(TARGET_NAME)";
			};
			name = Release;
		};
/* End XCBuildConfiguration section */

/* Begin XCConfigurationList section */
		856788871D33B5310067F04B /* Build configuration list for PBXProject "OLMVVM" */ = {
			isa = XCConfigurationList;
			buildConfigurations = (
				856788A11D33B5310067F04B /* Debug */,
				856788A21D33B5310067F04B /* Release */,
			);
			defaultConfigurationIsVisible = 0;
			defaultConfigurationName = Release;
		};
		856788A31D33B5310067F04B /* Build configuration list for PBXNativeTarget "OLMVVM" */ = {
			isa = XCConfigurationList;
			buildConfigurations = (
				856788A41D33B5310067F04B /* Debug */,
				856788A51D33B5310067F04B /* Release */,
			);
			defaultConfigurationIsVisible = 0;
			defaultConfigurationName = Release;
		};
/* End XCConfigurationList section */
	};
	rootObject = 856788841D33B5310067F04B /* Project object */;
}
